
Microsoft Visual Studio Solution File, Format Version 12.00
# Visual Studio 2013
Project("{FAE04EC0-301F-11D3-BF4B-00C04F79EFBC}") = "FINAL BIG ASSIGN.CSharp.Plugins", "FINAL BIG ASSIGN.CSharp.Plugins.csproj", "{804F03BA-6312-6E1B-294B-40E443B3B8A8}"
EndProject
Project("{FAE04EC0-301F-11D3-BF4B-00C04F79EFBC}") = "FINAL BIG ASSIGN.CSharp", "FINAL BIG ASSIGN.CSharp.csproj", "{CA2F9D0C-BA82-1E95-F6B7-58B60967F77B}"
EndProject
Project("{FAE04EC0-301F-11D3-BF4B-00C04F79EFBC}") = "FINAL BIG ASSIGN.CSharp.Editor.Plugins", "FINAL BIG ASSIGN.CSharp.Editor.Plugins.csproj", "{6FA7BDB9-455C-BF64-A3C8-6BFC56CF44B4}"
EndProject
Project("{FAE04EC0-301F-11D3-BF4B-00C04F79EFBC}") = "FINAL BIG ASSIGN.CSharp.Editor", "FINAL BIG ASSIGN.CSharp.Editor.csproj", "{0F88CC00-3E35-B197-9289-D5FD6CAC32B7}"
EndProject
Global
	GlobalSection(SolutionConfigurationPlatforms) = preSolution
		Debug|Any CPU = Debug|Any CPU
		Release|Any CPU = Release|Any CPU
	EndGlobalSection
	GlobalSection(ProjectConfigurationPlatforms) = postSolution
		{804F03BA-6312-6E1B-294B-40E443B3B8A8}.Debug|Any CPU.ActiveCfg = Debug|Any CPU
		{804F03BA-6312-6E1B-294B-40E443B3B8A8}.Debug|Any CPU.Build.0 = Debug|Any CPU
		{804F03BA-6312-6E1B-294B-40E443B3B8A8}.Release|Any CPU.ActiveCfg = Release|Any CPU
		{804F03BA-6312-6E1B-294B-40E443B3B8A8}.Release|Any CPU.Build.0 = Release|Any CPU
		{CA2F9D0C-BA82-1E95-F6B7-58B60967F77B}.Debug|Any CPU.ActiveCfg = Debug|Any CPU
		{CA2F9D0C-BA82-1E95-F6B7-58B60967F77B}.Debug|Any CPU.Build.0 = Debug|Any CPU
		{CA2F9D0C-BA82-1E95-F6B7-58B60967F77B}.Release|Any CPU.ActiveCfg = Release|Any CPU
		{CA2F9D0C-BA82-1E95-F6B7-58B60967F77B}.Release|Any CPU.Build.0 = Release|Any CPU
		{6FA7BDB9-455C-BF64-A3C8-6BFC56CF44B4}.Debug|Any CPU.ActiveCfg = Debug|Any CPU
		{6FA7BDB9-455C-BF64-A3C8-6BFC56CF44B4}.Debug|Any CPU.Build.0 = Debug|Any CPU
		{6FA7BDB9-455C-BF64-A3C8-6BFC56CF44B4}.Release|Any CPU.ActiveCfg = Release|Any CPU
		{6FA7BDB9-455C-BF64-A3C8-6BFC56CF44B4}.Release|Any CPU.Build.0 = Release|Any CPU
		{0F88CC00-3E35-B197-9289-D5FD6CAC32B7}.Debug|Any CPU.ActiveCfg = Debug|Any CPU
		{0F88CC00-3E35-B197-9289-D5FD6CAC32B7}.Debug|Any CPU.Build.0 = Debug|Any CPU
		{0F88CC00-3E35-B197-9289-D5FD6CAC32B7}.Release|Any CPU.ActiveCfg = Release|Any CPU
		{0F88CC00-3E35-B197-9289-D5FD6CAC32B7}.Release|Any CPU.Build.0 = Release|Any CPU
	EndGlobalSection
	GlobalSection(SolutionProperties) = preSolution
		HideSolutionNode = FALSE
	EndGlobalSection
EndGlobal
